
Microsoft Visual Studio Solution File, Format Version 12.00
# Visual Studio Version 16
VisualStudioVersion = 16.0.30711.63
MinimumVisualStudioVersion = 10.0.40219.1
Project("{FAE04EC0-301F-11D3-BF4B-00C04F79EFBC}") = "ConsoleGame", "ConsoleGame\ConsoleGame.csproj", "{F99A5F8F-6E6C-46C1-8834-486C4FA27E7F}"
EndProject
Global
	GlobalSection(SolutionConfigurationPlatforms) = preSolution
		Debug|Any CPU = Debug|Any CPU
		Release|Any CPU = Release|Any CPU
	EndGlobalSection
	GlobalSection(ProjectConfigurationPlatforms) = postSolution
		{F99A5F8F-6E6C-46C1-8834-486C4FA27E7F}.Debug|Any CPU.ActiveCfg = Debug|Any CPU
		{F99A5F8F-6E6C-46C1-8834-486C4FA27E7F}.Debug|Any CPU.Build.0 = Debug|Any CPU
		{F99A5F8F-6E6C-46C1-8834-486C4FA27E7F}.Release|Any CPU.ActiveCfg = Release|Any CPU
		{F99A5F8F-6E6C-46C1-8834-486C4FA27E7F}.Release|Any CPU.Build.0 = Release|Any CPU
	EndGlobalSection
	GlobalSection(SolutionProperties) = preSolution
		HideSolutionNode = FALSE
	EndGlobalSection
	GlobalSection(ExtensibilityGlobals) = postSolution
		SolutionGuid = {DB3013B2-605F-450C-A693-A01CE2CAE7E5}
	EndGlobalSection
EndGlobal
